// !$*UTF8*$!
{
	archiveVersion = 1;
	classes = {
	};
	objectVersion = 56;
	objects = {

/* Begin PBXBuildFile section */
		700FA2119698C765E3CC82EA /* Pods_UIKitPractice.framework in Frameworks */ = {isa = PBXBuildFile; fileRef = 1F15C26BD17E3A98EB5681C6 /* Pods_UIKitPractice.framework */; };
		82B9C6D4D09CC95D054A57F5 /* Pods_UIKitPracticeTests.framework in Frameworks */ = {isa = PBXBuildFile; fileRef = 335B9CE24FE7735810D8A6A0 /* Pods_UIKitPracticeTests.framework */; };
		A82519BBC62A8160460CE46C /* Pods_UIKitPractice_UIKitPracticeUITests.framework in Frameworks */ = {isa = PBXBuildFile; fileRef = 0C6C578E935968B45DD92F4C /* Pods_UIKitPractice_UIKitPracticeUITests.framework */; };
		CC2B2F522AFB3F2100A6D38B /* google_certificate.cer in Resources */ = {isa = PBXBuildFile; fileRef = CC2B2F512AFB3F2100A6D38B /* google_certificate.cer */; };
		CC2B2F552AFB51D400A6D38B /* Alamofire in Frameworks */ = {isa = PBXBuildFile; productRef = CC2B2F542AFB51D400A6D38B /* Alamofire */; };
		CC2B2F572AFBD82B00A6D38B /* CustomSessionDelegate.swift in Sources */ = {isa = PBXBuildFile; fileRef = CC2B2F562AFBD82B00A6D38B /* CustomSessionDelegate.swift */; };
		CC36ABA42AAE154A00863113 /* CustomTableViewController.swift in Sources */ = {isa = PBXBuildFile; fileRef = CC36ABA22AAE154A00863113 /* CustomTableViewController.swift */; };
		CC36ABA52AAE154A00863113 /* CustomTableViewCell.swift in Sources */ = {isa = PBXBuildFile; fileRef = CC36ABA32AAE154A00863113 /* CustomTableViewCell.swift */; };
		CC36ABA72AAE23D900863113 /* CustomStaticCellTableViewController.swift in Sources */ = {isa = PBXBuildFile; fileRef = CC36ABA62AAE23D900863113 /* CustomStaticCellTableViewController.swift */; };
		CC8228E52AD17AC600242A41 /* CusomTableViewCell2.swift in Sources */ = {isa = PBXBuildFile; fileRef = CC8228E32AD17AC600242A41 /* CusomTableViewCell2.swift */; };
		CC8228E62AD17AC600242A41 /* CusomTableViewCell2.xib in Resources */ = {isa = PBXBuildFile; fileRef = CC8228E42AD17AC600242A41 /* CusomTableViewCell2.xib */; };
		CC96193E2ACF0E5700E37DD7 /* SecurityUtils.swift in Sources */ = {isa = PBXBuildFile; fileRef = CC96193D2ACF0E5700E37DD7 /* SecurityUtils.swift */; };
		CC9619412ACF11F300E37DD7 /* Kingfisher in Frameworks */ = {isa = PBXBuildFile; productRef = CC9619402ACF11F300E37DD7 /* Kingfisher */; };
		CCBD835C2AC5FC3A009C63B8 /* IOSSecuritySuite in Frameworks */ = {isa = PBXBuildFile; productRef = CCBD835B2AC5FC3A009C63B8 /* IOSSecuritySuite */; };
		CCBFA2ED2AA77F49000E70BB /* AppDelegate.swift in Sources */ = {isa = PBXBuildFile; fileRef = CCBFA2EC2AA77F49000E70BB /* AppDelegate.swift */; };
		CCBFA2EF2AA77F49000E70BB /* SceneDelegate.swift in Sources */ = {isa = PBXBuildFile; fileRef = CCBFA2EE2AA77F49000E70BB /* SceneDelegate.swift */; };
		CCBFA2F12AA77F49000E70BB /* ViewController.swift in Sources */ = {isa = PBXBuildFile; fileRef = CCBFA2F02AA77F49000E70BB /* ViewController.swift */; };
		CCBFA2F42AA77F49000E70BB /* Main.storyboard in Resources */ = {isa = PBXBuildFile; fileRef = CCBFA2F22AA77F49000E70BB /* Main.storyboard */; };
		CCBFA2F62AA77F4A000E70BB /* Assets.xcassets in Resources */ = {isa = PBXBuildFile; fileRef = CCBFA2F52AA77F4A000E70BB /* Assets.xcassets */; };
		CCBFA2F92AA77F4A000E70BB /* LaunchScreen.storyboard in Resources */ = {isa = PBXBuildFile; fileRef = CCBFA2F72AA77F4A000E70BB /* LaunchScreen.storyboard */; };
		CCBFA3042AA77F4A000E70BB /* UIKitPracticeTests.swift in Sources */ = {isa = PBXBuildFile; fileRef = CCBFA3032AA77F4A000E70BB /* UIKitPracticeTests.swift */; };
		CCBFA30E2AA77F4A000E70BB /* UIKitPracticeUITests.swift in Sources */ = {isa = PBXBuildFile; fileRef = CCBFA30D2AA77F4A000E70BB /* UIKitPracticeUITests.swift */; };
		CCBFA3102AA77F4A000E70BB /* UIKitPracticeUITestsLaunchTests.swift in Sources */ = {isa = PBXBuildFile; fileRef = CCBFA30F2AA77F4A000E70BB /* UIKitPracticeUITestsLaunchTests.swift */; };
/* End PBXBuildFile section */

/* Begin PBXContainerItemProxy section */
		CCBFA3002AA77F4A000E70BB /* PBXContainerItemProxy */ = {
			isa = PBXContainerItemProxy;
			containerPortal = CCBFA2E12AA77F49000E70BB /* Project object */;
			proxyType = 1;
			remoteGlobalIDString = CCBFA2E82AA77F49000E70BB;
			remoteInfo = UIKitPractice;
		};
		CCBFA30A2AA77F4A000E70BB /* PBXContainerItemProxy */ = {
			isa = PBXContainerItemProxy;
			containerPortal = CCBFA2E12AA77F49000E70BB /* Project object */;
			proxyType = 1;
			remoteGlobalIDString = CCBFA2E82AA77F49000E70BB;
			remoteInfo = UIKitPractice;
		};
/* End PBXContainerItemProxy section */

/* Begin PBXFileReference section */
		094155872C7061109F7EE9E5 /* Pods-UIKitPractice-UIKitPracticeUITests.release.xcconfig */ = {isa = PBXFileReference; includeInIndex = 1; lastKnownFileType = text.xcconfig; name = "Pods-UIKitPractice-UIKitPracticeUITests.release.xcconfig"; path = "Target Support Files/Pods-UIKitPractice-UIKitPracticeUITests/Pods-UIKitPractice-UIKitPracticeUITests.release.xcconfig"; sourceTree = "<group>"; };
		0C6C578E935968B45DD92F4C /* Pods_UIKitPractice_UIKitPracticeUITests.framework */ = {isa = PBXFileReference; explicitFileType = wrapper.framework; includeInIndex = 0; path = Pods_UIKitPractice_UIKitPracticeUITests.framework; sourceTree = BUILT_PRODUCTS_DIR; };
		1F15C26BD17E3A98EB5681C6 /* Pods_UIKitPractice.framework */ = {isa = PBXFileReference; explicitFileType = wrapper.framework; includeInIndex = 0; path = Pods_UIKitPractice.framework; sourceTree = BUILT_PRODUCTS_DIR; };
		335B9CE24FE7735810D8A6A0 /* Pods_UIKitPracticeTests.framework */ = {isa = PBXFileReference; explicitFileType = wrapper.framework; includeInIndex = 0; path = Pods_UIKitPracticeTests.framework; sourceTree = BUILT_PRODUCTS_DIR; };
		641B0A423A79B6E702185F34 /* Pods-UIKitPractice.debug.xcconfig */ = {isa = PBXFileReference; includeInIndex = 1; lastKnownFileType = text.xcconfig; name = "Pods-UIKitPractice.debug.xcconfig"; path = "Target Support Files/Pods-UIKitPractice/Pods-UIKitPractice.debug.xcconfig"; sourceTree = "<group>"; };
		965F74103A1C5022970ED1AB /* Pods-UIKitPracticeTests.release.xcconfig */ = {isa = PBXFileReference; includeInIndex = 1; lastKnownFileType = text.xcconfig; name = "Pods-UIKitPracticeTests.release.xcconfig"; path = "Target Support Files/Pods-UIKitPracticeTests/Pods-UIKitPracticeTests.release.xcconfig"; sourceTree = "<group>"; };
		AA2DFE6D63FC3D6B9C2232D6 /* Pods-UIKitPracticeTests.debug.xcconfig */ = {isa = PBXFileReference; includeInIndex = 1; lastKnownFileType = text.xcconfig; name = "Pods-UIKitPracticeTests.debug.xcconfig"; path = "Target Support Files/Pods-UIKitPracticeTests/Pods-UIKitPracticeTests.debug.xcconfig"; sourceTree = "<group>"; };
		B6DCEFBE194A643A8EC51E61 /* Pods-UIKitPractice-UIKitPracticeUITests.debug.xcconfig */ = {isa = PBXFileReference; includeInIndex = 1; lastKnownFileType = text.xcconfig; name = "Pods-UIKitPractice-UIKitPracticeUITests.debug.xcconfig"; path = "Target Support Files/Pods-UIKitPractice-UIKitPracticeUITests/Pods-UIKitPractice-UIKitPracticeUITests.debug.xcconfig"; sourceTree = "<group>"; };
		CC2B2F512AFB3F2100A6D38B /* google_certificate.cer */ = {isa = PBXFileReference; lastKnownFileType = file; path = google_certificate.cer; sourceTree = "<group>"; };
		CC2B2F562AFBD82B00A6D38B /* CustomSessionDelegate.swift */ = {isa = PBXFileReference; lastKnownFileType = sourcecode.swift; path = CustomSessionDelegate.swift; sourceTree = "<group>"; };
		CC36ABA22AAE154A00863113 /* CustomTableViewController.swift */ = {isa = PBXFileReference; fileEncoding = 4; lastKnownFileType = sourcecode.swift; path = CustomTableViewController.swift; sourceTree = "<group>"; };
		CC36ABA32AAE154A00863113 /* CustomTableViewCell.swift */ = {isa = PBXFileReference; fileEncoding = 4; lastKnownFileType = sourcecode.swift; path = CustomTableViewCell.swift; sourceTree = "<group>"; };
		CC36ABA62AAE23D900863113 /* CustomStaticCellTableViewController.swift */ = {isa = PBXFileReference; lastKnownFileType = sourcecode.swift; path = CustomStaticCellTableViewController.swift; sourceTree = "<group>"; };
		CC8228E32AD17AC600242A41 /* CusomTableViewCell2.swift */ = {isa = PBXFileReference; lastKnownFileType = sourcecode.swift; path = CusomTableViewCell2.swift; sourceTree = "<group>"; };
		CC8228E42AD17AC600242A41 /* CusomTableViewCell2.xib */ = {isa = PBXFileReference; lastKnownFileType = file.xib; path = CusomTableViewCell2.xib; sourceTree = "<group>"; };
		CC96193D2ACF0E5700E37DD7 /* SecurityUtils.swift */ = {isa = PBXFileReference; lastKnownFileType = sourcecode.swift; path = SecurityUtils.swift; sourceTree = "<group>"; };
		CCBFA2E92AA77F49000E70BB /* UIKitPractice.app */ = {isa = PBXFileReference; explicitFileType = wrapper.application; includeInIndex = 0; path = UIKitPractice.app; sourceTree = BUILT_PRODUCTS_DIR; };
		CCBFA2EC2AA77F49000E70BB /* AppDelegate.swift */ = {isa = PBXFileReference; lastKnownFileType = sourcecode.swift; path = AppDelegate.swift; sourceTree = "<group>"; };
		CCBFA2EE2AA77F49000E70BB /* SceneDelegate.swift */ = {isa = PBXFileReference; lastKnownFileType = sourcecode.swift; path = SceneDelegate.swift; sourceTree = "<group>"; };
		CCBFA2F02AA77F49000E70BB /* ViewController.swift */ = {isa = PBXFileReference; lastKnownFileType = sourcecode.swift; path = ViewController.swift; sourceTree = "<group>"; };
		CCBFA2F32AA77F49000E70BB /* Base */ = {isa = PBXFileReference; lastKnownFileType = file.storyboard; name = Base; path = Base.lproj/Main.storyboard; sourceTree = "<group>"; };
		CCBFA2F52AA77F4A000E70BB /* Assets.xcassets */ = {isa = PBXFileReference; lastKnownFileType = folder.assetcatalog; path = Assets.xcassets; sourceTree = "<group>"; };
		CCBFA2F82AA77F4A000E70BB /* Base */ = {isa = PBXFileReference; lastKnownFileType = file.storyboard; name = Base; path = Base.lproj/LaunchScreen.storyboard; sourceTree = "<group>"; };
		CCBFA2FA2AA77F4A000E70BB /* Info.plist */ = {isa = PBXFileReference; lastKnownFileType = text.plist.xml; path = Info.plist; sourceTree = "<group>"; };
		CCBFA2FF2AA77F4A000E70BB /* UIKitPracticeTests.xctest */ = {isa = PBXFileReference; explicitFileType = wrapper.cfbundle; includeInIndex = 0; path = UIKitPracticeTests.xctest; sourceTree = BUILT_PRODUCTS_DIR; };
		CCBFA3032AA77F4A000E70BB /* UIKitPracticeTests.swift */ = {isa = PBXFileReference; lastKnownFileType = sourcecode.swift; path = UIKitPracticeTests.swift; sourceTree = "<group>"; };
		CCBFA3092AA77F4A000E70BB /* UIKitPracticeUITests.xctest */ = {isa = PBXFileReference; explicitFileType = wrapper.cfbundle; includeInIndex = 0; path = UIKitPracticeUITests.xctest; sourceTree = BUILT_PRODUCTS_DIR; };
		CCBFA30D2AA77F4A000E70BB /* UIKitPracticeUITests.swift */ = {isa = PBXFileReference; lastKnownFileType = sourcecode.swift; path = UIKitPracticeUITests.swift; sourceTree = "<group>"; };
		CCBFA30F2AA77F4A000E70BB /* UIKitPracticeUITestsLaunchTests.swift */ = {isa = PBXFileReference; lastKnownFileType = sourcecode.swift; path = UIKitPracticeUITestsLaunchTests.swift; sourceTree = "<group>"; };
		DAC9C9CE34D16CF2BC638606 /* Pods-UIKitPractice.release.xcconfig */ = {isa = PBXFileReference; includeInIndex = 1; lastKnownFileType = text.xcconfig; name = "Pods-UIKitPractice.release.xcconfig"; path = "Target Support Files/Pods-UIKitPractice/Pods-UIKitPractice.release.xcconfig"; sourceTree = "<group>"; };
/* End PBXFileReference section */

/* Begin PBXFrameworksBuildPhase section */
		CCBFA2E62AA77F49000E70BB /* Frameworks */ = {
			isa = PBXFrameworksBuildPhase;
			buildActionMask = 2147483647;
			files = (
				CC2B2F552AFB51D400A6D38B /* Alamofire in Frameworks */,
				CC9619412ACF11F300E37DD7 /* Kingfisher in Frameworks */,
				CCBD835C2AC5FC3A009C63B8 /* IOSSecuritySuite in Frameworks */,
				700FA2119698C765E3CC82EA /* Pods_UIKitPractice.framework in Frameworks */,
			);
			runOnlyForDeploymentPostprocessing = 0;
		};
		CCBFA2FC2AA77F4A000E70BB /* Frameworks */ = {
			isa = PBXFrameworksBuildPhase;
			buildActionMask = 2147483647;
			files = (
				82B9C6D4D09CC95D054A57F5 /* Pods_UIKitPracticeTests.framework in Frameworks */,
			);
			runOnlyForDeploymentPostprocessing = 0;
		};
		CCBFA3062AA77F4A000E70BB /* Frameworks */ = {
			isa = PBXFrameworksBuildPhase;
			buildActionMask = 2147483647;
			files = (
				A82519BBC62A8160460CE46C /* Pods_UIKitPractice_UIKitPracticeUITests.framework in Frameworks */,
			);
			runOnlyForDeploymentPostprocessing = 0;
		};
/* End PBXFrameworksBuildPhase section */

/* Begin PBXGroup section */
		210DE73F33AE8E62DF851C26 /* Pods */ = {
			isa = PBXGroup;
			children = (
				641B0A423A79B6E702185F34 /* Pods-UIKitPractice.debug.xcconfig */,
				DAC9C9CE34D16CF2BC638606 /* Pods-UIKitPractice.release.xcconfig */,
				B6DCEFBE194A643A8EC51E61 /* Pods-UIKitPractice-UIKitPracticeUITests.debug.xcconfig */,
				094155872C7061109F7EE9E5 /* Pods-UIKitPractice-UIKitPracticeUITests.release.xcconfig */,
				AA2DFE6D63FC3D6B9C2232D6 /* Pods-UIKitPracticeTests.debug.xcconfig */,
				965F74103A1C5022970ED1AB /* Pods-UIKitPracticeTests.release.xcconfig */,
			);
			name = Pods;
			path = Pods;
			sourceTree = "<group>";
		};
		BABD225110EE35F0C92CA838 /* Frameworks */ = {
			isa = PBXGroup;
			children = (
				1F15C26BD17E3A98EB5681C6 /* Pods_UIKitPractice.framework */,
				0C6C578E935968B45DD92F4C /* Pods_UIKitPractice_UIKitPracticeUITests.framework */,
				335B9CE24FE7735810D8A6A0 /* Pods_UIKitPracticeTests.framework */,
			);
			name = Frameworks;
			sourceTree = "<group>";
		};
		CC36ABA12AAE12EB00863113 /* UITableView */ = {
			isa = PBXGroup;
			children = (
				CC36ABA32AAE154A00863113 /* CustomTableViewCell.swift */,
				CC36ABA22AAE154A00863113 /* CustomTableViewController.swift */,
				CC36ABA62AAE23D900863113 /* CustomStaticCellTableViewController.swift */,
				CC8228E32AD17AC600242A41 /* CusomTableViewCell2.swift */,
				CC8228E42AD17AC600242A41 /* CusomTableViewCell2.xib */,
			);
			path = UITableView;
			sourceTree = "<group>";
		};
		CC96193C2ACF0E4800E37DD7 /* Utils */ = {
			isa = PBXGroup;
			children = (
				CC96193D2ACF0E5700E37DD7 /* SecurityUtils.swift */,
			);
			path = Utils;
			sourceTree = "<group>";
		};
		CCBFA2E02AA77F49000E70BB = {
			isa = PBXGroup;
			children = (
				CC2B2F512AFB3F2100A6D38B /* google_certificate.cer */,
				CCBFA2EB2AA77F49000E70BB /* UIKitPractice */,
				CCBFA3022AA77F4A000E70BB /* UIKitPracticeTests */,
				CCBFA30C2AA77F4A000E70BB /* UIKitPracticeUITests */,
				CCBFA2EA2AA77F49000E70BB /* Products */,
				210DE73F33AE8E62DF851C26 /* Pods */,
				BABD225110EE35F0C92CA838 /* Frameworks */,
			);
			sourceTree = "<group>";
		};
		CCBFA2EA2AA77F49000E70BB /* Products */ = {
			isa = PBXGroup;
			children = (
				CCBFA2E92AA77F49000E70BB /* UIKitPractice.app */,
				CCBFA2FF2AA77F4A000E70BB /* UIKitPracticeTests.xctest */,
				CCBFA3092AA77F4A000E70BB /* UIKitPracticeUITests.xctest */,
			);
			name = Products;
			sourceTree = "<group>";
		};
		CCBFA2EB2AA77F49000E70BB /* UIKitPractice */ = {
			isa = PBXGroup;
			children = (
				CC96193C2ACF0E4800E37DD7 /* Utils */,
				CC36ABA12AAE12EB00863113 /* UITableView */,
				CCBFA2EC2AA77F49000E70BB /* AppDelegate.swift */,
				CCBFA2EE2AA77F49000E70BB /* SceneDelegate.swift */,
				CC2B2F562AFBD82B00A6D38B /* CustomSessionDelegate.swift */,
				CCBFA2F02AA77F49000E70BB /* ViewController.swift */,
				CCBFA2F22AA77F49000E70BB /* Main.storyboard */,
				CCBFA2F52AA77F4A000E70BB /* Assets.xcassets */,
				CCBFA2F72AA77F4A000E70BB /* LaunchScreen.storyboard */,
				CCBFA2FA2AA77F4A000E70BB /* Info.plist */,
			);
			path = UIKitPractice;
			sourceTree = "<group>";
		};
		CCBFA3022AA77F4A000E70BB /* UIKitPracticeTests */ = {
			isa = PBXGroup;
			children = (
				CCBFA3032AA77F4A000E70BB /* UIKitPracticeTests.swift */,
			);
			path = UIKitPracticeTests;
			sourceTree = "<group>";
		};
		CCBFA30C2AA77F4A000E70BB /* UIKitPracticeUITests */ = {
			isa = PBXGroup;
			children = (
				CCBFA30D2AA77F4A000E70BB /* UIKitPracticeUITests.swift */,
				CCBFA30F2AA77F4A000E70BB /* UIKitPracticeUITestsLaunchTests.swift */,
			);
			path = UIKitPracticeUITests;
			sourceTree = "<group>";
		};
/* End PBXGroup section */

/* Begin PBXNativeTarget section */
		CCBFA2E82AA77F49000E70BB /* UIKitPractice */ = {
			isa = PBXNativeTarget;
			buildConfigurationList = CCBFA3132AA77F4A000E70BB /* Build configuration list for PBXNativeTarget "UIKitPractice" */;
			buildPhases = (
				923A2A8C373B12C8DB5104B2 /* [CP] Check Pods Manifest.lock */,
				CCBFA2E52AA77F49000E70BB /* Sources */,
				CCBFA2E62AA77F49000E70BB /* Frameworks */,
				CCBFA2E72AA77F49000E70BB /* Resources */,
				AF553A5B0B1A6BB00464FAE4 /* [CP] Embed Pods Frameworks */,
			);
			buildRules = (
			);
			dependencies = (
			);
			name = UIKitPractice;
			packageProductDependencies = (
				CCBD835B2AC5FC3A009C63B8 /* IOSSecuritySuite */,
				CC9619402ACF11F300E37DD7 /* Kingfisher */,
				CC2B2F542AFB51D400A6D38B /* Alamofire */,
			);
			productName = UIKitPractice;
			productReference = CCBFA2E92AA77F49000E70BB /* UIKitPractice.app */;
			productType = "com.apple.product-type.application";
		};
		CCBFA2FE2AA77F4A000E70BB /* UIKitPracticeTests */ = {
			isa = PBXNativeTarget;
			buildConfigurationList = CCBFA3162AA77F4A000E70BB /* Build configuration list for PBXNativeTarget "UIKitPracticeTests" */;
			buildPhases = (
				DC7615FF70ABB6FB157D81A5 /* [CP] Check Pods Manifest.lock */,
				CCBFA2FB2AA77F4A000E70BB /* Sources */,
				CCBFA2FC2AA77F4A000E70BB /* Frameworks */,
				CCBFA2FD2AA77F4A000E70BB /* Resources */,
			);
			buildRules = (
			);
			dependencies = (
				CCBFA3012AA77F4A000E70BB /* PBXTargetDependency */,
			);
			name = UIKitPracticeTests;
			productName = UIKitPracticeTests;
			productReference = CCBFA2FF2AA77F4A000E70BB /* UIKitPracticeTests.xctest */;
			productType = "com.apple.product-type.bundle.unit-test";
		};
		CCBFA3082AA77F4A000E70BB /* UIKitPracticeUITests */ = {
			isa = PBXNativeTarget;
			buildConfigurationList = CCBFA3192AA77F4A000E70BB /* Build configuration list for PBXNativeTarget "UIKitPracticeUITests" */;
			buildPhases = (
				5903D6E0614005B834881108 /* [CP] Check Pods Manifest.lock */,
				CCBFA3052AA77F4A000E70BB /* Sources */,
				CCBFA3062AA77F4A000E70BB /* Frameworks */,
				CCBFA3072AA77F4A000E70BB /* Resources */,
				A1A8F812C50D7DC54635B25A /* [CP] Embed Pods Frameworks */,
			);
			buildRules = (
			);
			dependencies = (
				CCBFA30B2AA77F4A000E70BB /* PBXTargetDependency */,
			);
			name = UIKitPracticeUITests;
			productName = UIKitPracticeUITests;
			productReference = CCBFA3092AA77F4A000E70BB /* UIKitPracticeUITests.xctest */;
			productType = "com.apple.product-type.bundle.ui-testing";
		};
/* End PBXNativeTarget section */

/* Begin PBXProject section */
		CCBFA2E12AA77F49000E70BB /* Project object */ = {
			isa = PBXProject;
			attributes = {
				BuildIndependentTargetsInParallel = 1;
				LastSwiftUpdateCheck = 1430;
				LastUpgradeCheck = 1430;
				TargetAttributes = {
					CCBFA2E82AA77F49000E70BB = {
						CreatedOnToolsVersion = 14.3.1;
					};
					CCBFA2FE2AA77F4A000E70BB = {
						CreatedOnToolsVersion = 14.3.1;
						TestTargetID = CCBFA2E82AA77F49000E70BB;
					};
					CCBFA3082AA77F4A000E70BB = {
						CreatedOnToolsVersion = 14.3.1;
						TestTargetID = CCBFA2E82AA77F49000E70BB;
					};
				};
			};
			buildConfigurationList = CCBFA2E42AA77F49000E70BB /* Build configuration list for PBXProject "UIKitPractice" */;
			compatibilityVersion = "Xcode 14.0";
			developmentRegion = en;
			hasScannedForEncodings = 0;
			knownRegions = (
				en,
				Base,
			);
			mainGroup = CCBFA2E02AA77F49000E70BB;
			packageReferences = (
				CCBD835A2AC5FC3A009C63B8 /* XCRemoteSwiftPackageReference "IOSSecuritySuite.git" */,
				CC96193F2ACF11F300E37DD7 /* XCRemoteSwiftPackageReference "Kingfisher" */,
				CC2B2F532AFB51D400A6D38B /* XCRemoteSwiftPackageReference "Alamofire.git" */,
			);
			productRefGroup = CCBFA2EA2AA77F49000E70BB /* Products */;
			projectDirPath = "";
			projectRoot = "";
			targets = (
				CCBFA2E82AA77F49000E70BB /* UIKitPractice */,
				CCBFA2FE2AA77F4A000E70BB /* UIKitPracticeTests */,
				CCBFA3082AA77F4A000E70BB /* UIKitPracticeUITests */,
			);
		};
/* End PBXProject section */

/* Begin PBXResourcesBuildPhase section */
		CCBFA2E72AA77F49000E70BB /* Resources */ = {
			isa = PBXResourcesBuildPhase;
			buildActionMask = 2147483647;
			files = (
				CC8228E62AD17AC600242A41 /* CusomTableViewCell2.xib in Resources */,
				CCBFA2F92AA77F4A000E70BB /* LaunchScreen.storyboard in Resources */,
				CC2B2F522AFB3F2100A6D38B /* google_certificate.cer in Resources */,
				CCBFA2F62AA77F4A000E70BB /* Assets.xcassets in Resources */,
				CCBFA2F42AA77F49000E70BB /* Main.storyboard in Resources */,
			);
			runOnlyForDeploymentPostprocessing = 0;
		};
		CCBFA2FD2AA77F4A000E70BB /* Resources */ = {
			isa = PBXResourcesBuildPhase;
			buildActionMask = 2147483647;
			files = (
			);
			runOnlyForDeploymentPostprocessing = 0;
		};
		CCBFA3072AA77F4A000E70BB /* Resources */ = {
			isa = PBXResourcesBuildPhase;
			buildActionMask = 2147483647;
			files = (
			);
			runOnlyForDeploymentPostprocessing = 0;
		};
/* End PBXResourcesBuildPhase section */

/* Begin PBXShellScriptBuildPhase section */
		5903D6E0614005B834881108 /* [CP] Check Pods Manifest.lock */ = {
			isa = PBXShellScriptBuildPhase;
			buildActionMask = 2147483647;
			files = (
			);
			inputFileListPaths = (
			);
			inputPaths = (
				"${PODS_PODFILE_DIR_PATH}/Podfile.lock",
				"${PODS_ROOT}/Manifest.lock",
			);
			name = "[CP] Check Pods Manifest.lock";
			outputFileListPaths = (
			);
			outputPaths = (
				"$(DERIVED_FILE_DIR)/Pods-UIKitPractice-UIKitPracticeUITests-checkManifestLockResult.txt",
			);
			runOnlyForDeploymentPostprocessing = 0;
			shellPath = /bin/sh;
			shellScript = "diff \"${PODS_PODFILE_DIR_PATH}/Podfile.lock\" \"${PODS_ROOT}/Manifest.lock\" > /dev/null\nif [ $? != 0 ] ; then\n    # print error to STDERR\n    echo \"error: The sandbox is not in sync with the Podfile.lock. Run 'pod install' or update your CocoaPods installation.\" >&2\n    exit 1\nfi\n# This output is used by Xcode 'outputs' to avoid re-running this script phase.\necho \"SUCCESS\" > \"${SCRIPT_OUTPUT_FILE_0}\"\n";
			showEnvVarsInLog = 0;
		};
		923A2A8C373B12C8DB5104B2 /* [CP] Check Pods Manifest.lock */ = {
			isa = PBXShellScriptBuildPhase;
			buildActionMask = 2147483647;
			files = (
			);
			inputFileListPaths = (
			);
			inputPaths = (
				"${PODS_PODFILE_DIR_PATH}/Podfile.lock",
				"${PODS_ROOT}/Manifest.lock",
			);
			name = "[CP] Check Pods Manifest.lock";
			outputFileListPaths = (
			);
			outputPaths = (
				"$(DERIVED_FILE_DIR)/Pods-UIKitPractice-checkManifestLockResult.txt",
			);
			runOnlyForDeploymentPostprocessing = 0;
			shellPath = /bin/sh;
			shellScript = "diff \"${PODS_PODFILE_DIR_PATH}/Podfile.lock\" \"${PODS_ROOT}/Manifest.lock\" > /dev/null\nif [ $? != 0 ] ; then\n    # print error to STDERR\n    echo \"error: The sandbox is not in sync with the Podfile.lock. Run 'pod install' or update your CocoaPods installation.\" >&2\n    exit 1\nfi\n# This output is used by Xcode 'outputs' to avoid re-running this script phase.\necho \"SUCCESS\" > \"${SCRIPT_OUTPUT_FILE_0}\"\n";
			showEnvVarsInLog = 0;
		};
		A1A8F812C50D7DC54635B25A /* [CP] Embed Pods Frameworks */ = {
			isa = PBXShellScriptBuildPhase;
			buildActionMask = 2147483647;
			files = (
			);
			inputFileListPaths = (
				"${PODS_ROOT}/Target Support Files/Pods-UIKitPractice-UIKitPracticeUITests/Pods-UIKitPractice-UIKitPracticeUITests-frameworks-${CONFIGURATION}-input-files.xcfilelist",
			);
			name = "[CP] Embed Pods Frameworks";
			outputFileListPaths = (
				"${PODS_ROOT}/Target Support Files/Pods-UIKitPractice-UIKitPracticeUITests/Pods-UIKitPractice-UIKitPracticeUITests-frameworks-${CONFIGURATION}-output-files.xcfilelist",
			);
			runOnlyForDeploymentPostprocessing = 0;
			shellPath = /bin/sh;
			shellScript = "\"${PODS_ROOT}/Target Support Files/Pods-UIKitPractice-UIKitPracticeUITests/Pods-UIKitPractice-UIKitPracticeUITests-frameworks.sh\"\n";
			showEnvVarsInLog = 0;
		};
		AF553A5B0B1A6BB00464FAE4 /* [CP] Embed Pods Frameworks */ = {
			isa = PBXShellScriptBuildPhase;
			buildActionMask = 2147483647;
			files = (
			);
			inputFileListPaths = (
				"${PODS_ROOT}/Target Support Files/Pods-UIKitPractice/Pods-UIKitPractice-frameworks-${CONFIGURATION}-input-files.xcfilelist",
			);
			name = "[CP] Embed Pods Frameworks";
			outputFileListPaths = (
				"${PODS_ROOT}/Target Support Files/Pods-UIKitPractice/Pods-UIKitPractice-frameworks-${CONFIGURATION}-output-files.xcfilelist",
			);
			runOnlyForDeploymentPostprocessing = 0;
			shellPath = /bin/sh;
			shellScript = "\"${PODS_ROOT}/Target Support Files/Pods-UIKitPractice/Pods-UIKitPractice-frameworks.sh\"\n";
			showEnvVarsInLog = 0;
		};
		DC7615FF70ABB6FB157D81A5 /* [CP] Check Pods Manifest.lock */ = {
			isa = PBXShellScriptBuildPhase;
			buildActionMask = 2147483647;
			files = (
			);
			inputFileListPaths = (
			);
			inputPaths = (
				"${PODS_PODFILE_DIR_PATH}/Podfile.lock",
				"${PODS_ROOT}/Manifest.lock",
			);
			name = "[CP] Check Pods Manifest.lock";
			outputFileListPaths = (
			);
			outputPaths = (
				"$(DERIVED_FILE_DIR)/Pods-UIKitPracticeTests-checkManifestLockResult.txt",
			);
			runOnlyForDeploymentPostprocessing = 0;
			shellPath = /bin/sh;
			shellScript = "diff \"${PODS_PODFILE_DIR_PATH}/Podfile.lock\" \"${PODS_ROOT}/Manifest.lock\" > /dev/null\nif [ $? != 0 ] ; then\n    # print error to STDERR\n    echo \"error: The sandbox is not in sync with the Podfile.lock. Run 'pod install' or update your CocoaPods installation.\" >&2\n    exit 1\nfi\n# This output is used by Xcode 'outputs' to avoid re-running this script phase.\necho \"SUCCESS\" > \"${SCRIPT_OUTPUT_FILE_0}\"\n";
			showEnvVarsInLog = 0;
		};
/* End PBXShellScriptBuildPhase section */

/* Begin PBXSourcesBuildPhase section */
		CCBFA2E52AA77F49000E70BB /* Sources */ = {
			isa = PBXSourcesBuildPhase;
			buildActionMask = 2147483647;
			files = (
				CC8228E52AD17AC600242A41 /* CusomTableViewCell2.swift in Sources */,
				CC36ABA72AAE23D900863113 /* CustomStaticCellTableViewController.swift in Sources */,
				CC96193E2ACF0E5700E37DD7 /* SecurityUtils.swift in Sources */,
				CC36ABA42AAE154A00863113 /* CustomTableViewController.swift in Sources */,
				CC36ABA52AAE154A00863113 /* CustomTableViewCell.swift in Sources */,
				CC2B2F572AFBD82B00A6D38B /* CustomSessionDelegate.swift in Sources */,
				CCBFA2F12AA77F49000E70BB /* ViewController.swift in Sources */,
				CCBFA2ED2AA77F49000E70BB /* AppDelegate.swift in Sources */,
				CCBFA2EF2AA77F49000E70BB /* SceneDelegate.swift in Sources */,
			);
			runOnlyForDeploymentPostprocessing = 0;
		};
		CCBFA2FB2AA77F4A000E70BB /* Sources */ = {
			isa = PBXSourcesBuildPhase;
			buildActionMask = 2147483647;
			files = (
				CCBFA3042AA77F4A000E70BB /* UIKitPracticeTests.swift in Sources */,
			);
			runOnlyForDeploymentPostprocessing = 0;
		};
		CCBFA3052AA77F4A000E70BB /* Sources */ = {
			isa = PBXSourcesBuildPhase;
			buildActionMask = 2147483647;
			files = (
				CCBFA3102AA77F4A000E70BB /* UIKitPracticeUITestsLaunchTests.swift in Sources */,
				CCBFA30E2AA77F4A000E70BB /* UIKitPracticeUITests.swift in Sources */,
			);
			runOnlyForDeploymentPostprocessing = 0;
		};
/* End PBXSourcesBuildPhase section */

/* Begin PBXTargetDependency section */
		CCBFA3012AA77F4A000E70BB /* PBXTargetDependency */ = {
			isa = PBXTargetDependency;
			target = CCBFA2E82AA77F49000E70BB /* UIKitPractice */;
			targetProxy = CCBFA3002AA77F4A000E70BB /* PBXContainerItemProxy */;
		};
		CCBFA30B2AA77F4A000E70BB /* PBXTargetDependency */ = {
			isa = PBXTargetDependency;
			target = CCBFA2E82AA77F49000E70BB /* UIKitPractice */;
			targetProxy = CCBFA30A2AA77F4A000E70BB /* PBXContainerItemProxy */;
		};
/* End PBXTargetDependency section */

/* Begin PBXVariantGroup section */
		CCBFA2F22AA77F49000E70BB /* Main.storyboard */ = {
			isa = PBXVariantGroup;
			children = (
				CCBFA2F32AA77F49000E70BB /* Base */,
			);
			name = Main.storyboard;
			sourceTree = "<group>";
		};
		CCBFA2F72AA77F4A000E70BB /* LaunchScreen.storyboard */ = {
			isa = PBXVariantGroup;
			children = (
				CCBFA2F82AA77F4A000E70BB /* Base */,
			);
			name = LaunchScreen.storyboard;
			sourceTree = "<group>";
		};
/* End PBXVariantGroup section */

/* Begin XCBuildConfiguration section */
		CCBFA3112AA77F4A000E70BB /* Debug */ = {
			isa = XCBuildConfiguration;
			buildSettings = {
				ALWAYS_SEARCH_USER_PATHS = NO;
				CLANG_ANALYZER_NONNULL = YES;
				CLANG_ANALYZER_NUMBER_OBJECT_CONVERSION = YES_AGGRESSIVE;
				CLANG_CXX_LANGUAGE_STANDARD = "gnu++20";
				CLANG_ENABLE_MODULES = YES;
				CLANG_ENABLE_OBJC_ARC = YES;
				CLANG_ENABLE_OBJC_WEAK = YES;
				CLANG_WARN_BLOCK_CAPTURE_AUTORELEASING = YES;
				CLANG_WARN_BOOL_CONVERSION = YES;
				CLANG_WARN_COMMA = YES;
				CLANG_WARN_CONSTANT_CONVERSION = YES;
				CLANG_WARN_DEPRECATED_OBJC_IMPLEMENTATIONS = YES;
				CLANG_WARN_DIRECT_OBJC_ISA_USAGE = YES_ERROR;
				CLANG_WARN_DOCUMENTATION_COMMENTS = YES;
				CLANG_WARN_EMPTY_BODY = YES;
				CLANG_WARN_ENUM_CONVERSION = YES;
				CLANG_WARN_INFINITE_RECURSION = YES;
				CLANG_WARN_INT_CONVERSION = YES;
				CLANG_WARN_NON_LITERAL_NULL_CONVERSION = YES;
				CLANG_WARN_OBJC_IMPLICIT_RETAIN_SELF = YES;
				CLANG_WARN_OBJC_LITERAL_CONVERSION = YES;
				CLANG_WARN_OBJC_ROOT_CLASS = YES_ERROR;
				CLANG_WARN_QUOTED_INCLUDE_IN_FRAMEWORK_HEADER = YES;
				CLANG_WARN_RANGE_LOOP_ANALYSIS = YES;
				CLANG_WARN_STRICT_PROTOTYPES = YES;
				CLANG_WARN_SUSPICIOUS_MOVE = YES;
				CLANG_WARN_UNGUARDED_AVAILABILITY = YES_AGGRESSIVE;
				CLANG_WARN_UNREACHABLE_CODE = YES;
				CLANG_WARN__DUPLICATE_METHOD_MATCH = YES;
				COPY_PHASE_STRIP = NO;
				DEBUG_INFORMATION_FORMAT = dwarf;
				ENABLE_STRICT_OBJC_MSGSEND = YES;
				ENABLE_TESTABILITY = YES;
				GCC_C_LANGUAGE_STANDARD = gnu11;
				GCC_DYNAMIC_NO_PIC = NO;
				GCC_NO_COMMON_BLOCKS = YES;
				GCC_OPTIMIZATION_LEVEL = 0;
				GCC_PREPROCESSOR_DEFINITIONS = (
					"DEBUG=1",
					"$(inherited)",
				);
				GCC_WARN_64_TO_32_BIT_CONVERSION = YES;
				GCC_WARN_ABOUT_RETURN_TYPE = YES_ERROR;
				GCC_WARN_UNDECLARED_SELECTOR = YES;
				GCC_WARN_UNINITIALIZED_AUTOS = YES_AGGRESSIVE;
				GCC_WARN_UNUSED_FUNCTION = YES;
				GCC_WARN_UNUSED_VARIABLE = YES;
				IPHONEOS_DEPLOYMENT_TARGET = 11.0;
				MTL_ENABLE_DEBUG_INFO = INCLUDE_SOURCE;
				MTL_FAST_MATH = YES;
				ONLY_ACTIVE_ARCH = YES;
				SDKROOT = iphoneos;
				SWIFT_ACTIVE_COMPILATION_CONDITIONS = DEBUG;
				SWIFT_OPTIMIZATION_LEVEL = "-Onone";
			};
			name = Debug;
		};
		CCBFA3122AA77F4A000E70BB /* Release */ = {
			isa = XCBuildConfiguration;
			buildSettings = {
				ALWAYS_SEARCH_USER_PATHS = NO;
				CLANG_ANALYZER_NONNULL = YES;
				CLANG_ANALYZER_NUMBER_OBJECT_CONVERSION = YES_AGGRESSIVE;
				CLANG_CXX_LANGUAGE_STANDARD = "gnu++20";
				CLANG_ENABLE_MODULES = YES;
				CLANG_ENABLE_OBJC_ARC = YES;
				CLANG_ENABLE_OBJC_WEAK = YES;
				CLANG_WARN_BLOCK_CAPTURE_AUTORELEASING = YES;
				CLANG_WARN_BOOL_CONVERSION = YES;
				CLANG_WARN_COMMA = YES;
				CLANG_WARN_CONSTANT_CONVERSION = YES;
				CLANG_WARN_DEPRECATED_OBJC_IMPLEMENTATIONS = YES;
				CLANG_WARN_DIRECT_OBJC_ISA_USAGE = YES_ERROR;
				CLANG_WARN_DOCUMENTATION_COMMENTS = YES;
				CLANG_WARN_EMPTY_BODY = YES;
				CLANG_WARN_ENUM_CONVERSION = YES;
				CLANG_WARN_INFINITE_RECURSION = YES;
				CLANG_WARN_INT_CONVERSION = YES;
				CLANG_WARN_NON_LITERAL_NULL_CONVERSION = YES;
				CLANG_WARN_OBJC_IMPLICIT_RETAIN_SELF = YES;
				CLANG_WARN_OBJC_LITERAL_CONVERSION = YES;
				CLANG_WARN_OBJC_ROOT_CLASS = YES_ERROR;
				CLANG_WARN_QUOTED_INCLUDE_IN_FRAMEWORK_HEADER = YES;
				CLANG_WARN_RANGE_LOOP_ANALYSIS = YES;
				CLANG_WARN_STRICT_PROTOTYPES = YES;
				CLANG_WARN_SUSPICIOUS_MOVE = YES;
				CLANG_WARN_UNGUARDED_AVAILABILITY = YES_AGGRESSIVE;
				CLANG_WARN_UNREACHABLE_CODE = YES;
				CLANG_WARN__DUPLICATE_METHOD_MATCH = YES;
				COPY_PHASE_STRIP = NO;
				DEBUG_INFORMATION_FORMAT = "dwarf-with-dsym";
				ENABLE_NS_ASSERTIONS = NO;
				ENABLE_STRICT_OBJC_MSGSEND = YES;
				GCC_C_LANGUAGE_STANDARD = gnu11;
				GCC_NO_COMMON_BLOCKS = YES;
				GCC_WARN_64_TO_32_BIT_CONVERSION = YES;
				GCC_WARN_ABOUT_RETURN_TYPE = YES_ERROR;
				GCC_WARN_UNDECLARED_SELECTOR = YES;
				GCC_WARN_UNINITIALIZED_AUTOS = YES_AGGRESSIVE;
				GCC_WARN_UNUSED_FUNCTION = YES;
				GCC_WARN_UNUSED_VARIABLE = YES;
				IPHONEOS_DEPLOYMENT_TARGET = 11.0;
				MTL_ENABLE_DEBUG_INFO = NO;
				MTL_FAST_MATH = YES;
				SDKROOT = iphoneos;
				SWIFT_COMPILATION_MODE = wholemodule;
				SWIFT_OPTIMIZATION_LEVEL = "-O";
				VALIDATE_PRODUCT = YES;
			};
			name = Release;
		};
		CCBFA3142AA77F4A000E70BB /* Debug */ = {
			isa = XCBuildConfiguration;
			baseConfigurationReference = 641B0A423A79B6E702185F34 /* Pods-UIKitPractice.debug.xcconfig */;
			buildSettings = {
				ASSETCATALOG_COMPILER_APPICON_NAME = AppIcon;
				ASSETCATALOG_COMPILER_GLOBAL_ACCENT_COLOR_NAME = AccentColor;
				CODE_SIGN_IDENTITY = "Apple Development";
				CODE_SIGN_STYLE = Automatic;
				CURRENT_PROJECT_VERSION = 1;
				DEVELOPMENT_TEAM = H2724L9BS5;
				GENERATE_INFOPLIST_FILE = YES;
				INFOPLIST_FILE = UIKitPractice/Info.plist;
				INFOPLIST_KEY_CFBundleDisplayName = Test;
				INFOPLIST_KEY_UIApplicationSupportsIndirectInputEvents = YES;
				INFOPLIST_KEY_UILaunchStoryboardName = LaunchScreen;
				INFOPLIST_KEY_UIMainStoryboardFile = Main;
				INFOPLIST_KEY_UISupportedInterfaceOrientations_iPad = "UIInterfaceOrientationPortrait UIInterfaceOrientationPortraitUpsideDown UIInterfaceOrientationLandscapeLeft UIInterfaceOrientationLandscapeRight";
				INFOPLIST_KEY_UISupportedInterfaceOrientations_iPhone = "UIInterfaceOrientationPortrait UIInterfaceOrientationLandscapeLeft UIInterfaceOrientationLandscapeRight";
				IPHONEOS_DEPLOYMENT_TARGET = 13.0;
				LD_RUNPATH_SEARCH_PATHS = (
					"$(inherited)",
					"@executable_path/Frameworks",
				);
				MARKETING_VERSION = 1.0;
				PRODUCT_BUNDLE_IDENTIFIER = com.yomiamy.UIKitPractice;
				PRODUCT_NAME = "$(TARGET_NAME)";
				PROVISIONING_PROFILE_SPECIFIER = "";
				SWIFT_EMIT_LOC_STRINGS = YES;
				SWIFT_VERSION = 5.0;
				TARGETED_DEVICE_FAMILY = "1,2";
			};
			name = Debug;
		};
		CCBFA3152AA77F4A000E70BB /* Release */ = {
			isa = XCBuildConfiguration;
			baseConfigurationReference = DAC9C9CE34D16CF2BC638606 /* Pods-UIKitPractice.release.xcconfig */;
			buildSettings = {
				ASSETCATALOG_COMPILER_APPICON_NAME = AppIcon;
				ASSETCATALOG_COMPILER_GLOBAL_ACCENT_COLOR_NAME = AccentColor;
				CODE_SIGN_STYLE = Automatic;
				CURRENT_PROJECT_VERSION = 1;
				DEVELOPMENT_TEAM = H2724L9BS5;
				GENERATE_INFOPLIST_FILE = YES;
				INFOPLIST_FILE = UIKitPractice/Info.plist;
				INFOPLIST_KEY_CFBundleDisplayName = Test;
				INFOPLIST_KEY_UIApplicationSupportsIndirectInputEvents = YES;
				INFOPLIST_KEY_UILaunchStoryboardName = LaunchScreen;
				INFOPLIST_KEY_UIMainStoryboardFile = Main;
				INFOPLIST_KEY_UISupportedInterfaceOrientations_iPad = "UIInterfaceOrientationPortrait UIInterfaceOrientationPortraitUpsideDown UIInterfaceOrientationLandscapeLeft UIInterfaceOrientationLandscapeRight";
				INFOPLIST_KEY_UISupportedInterfaceOrientations_iPhone = "UIInterfaceOrientationPortrait UIInterfaceOrientationLandscapeLeft UIInterfaceOrientationLandscapeRight";
				IPHONEOS_DEPLOYMENT_TARGET = 13.0;
				LD_RUNPATH_SEARCH_PATHS = (
					"$(inherited)",
					"@executable_path/Frameworks",
				);
				MARKETING_VERSION = 1.0;
				PRODUCT_BUNDLE_IDENTIFIER = com.yomiamy.UIKitPractice;
				PRODUCT_NAME = "$(TARGET_NAME)";
				SWIFT_EMIT_LOC_STRINGS = YES;
				SWIFT_VERSION = 5.0;
				TARGETED_DEVICE_FAMILY = "1,2";
			};
			name = Release;
		};
		CCBFA3172AA77F4A000E70BB /* Debug */ = {
			isa = XCBuildConfiguration;
			baseConfigurationReference = AA2DFE6D63FC3D6B9C2232D6 /* Pods-UIKitPracticeTests.debug.xcconfig */;
			buildSettings = {
				ALWAYS_EMBED_SWIFT_STANDARD_LIBRARIES = YES;
				BUNDLE_LOADER = "$(TEST_HOST)";
				CODE_SIGN_STYLE = Automatic;
				CURRENT_PROJECT_VERSION = 1;
				DEVELOPMENT_TEAM = H2724L9BS5;
				GENERATE_INFOPLIST_FILE = YES;
				IPHONEOS_DEPLOYMENT_TARGET = 16.4;
				MARKETING_VERSION = 1.0;
				PRODUCT_BUNDLE_IDENTIFIER = com.yomiamy.UIKitPracticeTests;
				PRODUCT_NAME = "$(TARGET_NAME)";
				SWIFT_EMIT_LOC_STRINGS = NO;
				SWIFT_VERSION = 5.0;
				TARGETED_DEVICE_FAMILY = "1,2";
				TEST_HOST = "$(BUILT_PRODUCTS_DIR)/UIKitPractice.app/$(BUNDLE_EXECUTABLE_FOLDER_PATH)/UIKitPractice";
			};
			name = Debug;
		};
		CCBFA3182AA77F4A000E70BB /* Release */ = {
			isa = XCBuildConfiguration;
			baseConfigurationReference = 965F74103A1C5022970ED1AB /* Pods-UIKitPracticeTests.release.xcconfig */;
			buildSettings = {
				ALWAYS_EMBED_SWIFT_STANDARD_LIBRARIES = YES;
				BUNDLE_LOADER = "$(TEST_HOST)";
				CODE_SIGN_STYLE = Automatic;
				CURRENT_PROJECT_VERSION = 1;
				DEVELOPMENT_TEAM = H2724L9BS5;
				GENERATE_INFOPLIST_FILE = YES;
				IPHONEOS_DEPLOYMENT_TARGET = 16.4;
				MARKETING_VERSION = 1.0;
				PRODUCT_BUNDLE_IDENTIFIER = com.yomiamy.UIKitPracticeTests;
				PRODUCT_NAME = "$(TARGET_NAME)";
				SWIFT_EMIT_LOC_STRINGS = NO;
				SWIFT_VERSION = 5.0;
				TARGETED_DEVICE_FAMILY = "1,2";
				TEST_HOST = "$(BUILT_PRODUCTS_DIR)/UIKitPractice.app/$(BUNDLE_EXECUTABLE_FOLDER_PATH)/UIKitPractice";
			};
			name = Release;
		};
		CCBFA31A2AA77F4A000E70BB /* Debug */ = {
			isa = XCBuildConfiguration;
			baseConfigurationReference = B6DCEFBE194A643A8EC51E61 /* Pods-UIKitPractice-UIKitPracticeUITests.debug.xcconfig */;
			buildSettings = {
				ALWAYS_EMBED_SWIFT_STANDARD_LIBRARIES = YES;
				CODE_SIGN_STYLE = Automatic;
				CURRENT_PROJECT_VERSION = 1;
				DEVELOPMENT_TEAM = H2724L9BS5;
				GENERATE_INFOPLIST_FILE = YES;
				MARKETING_VERSION = 1.0;
				PRODUCT_BUNDLE_IDENTIFIER = com.yomiamy.UIKitPracticeUITests;
				PRODUCT_NAME = "$(TARGET_NAME)";
				SWIFT_EMIT_LOC_STRINGS = NO;
				SWIFT_VERSION = 5.0;
				TARGETED_DEVICE_FAMILY = "1,2";
				TEST_TARGET_NAME = UIKitPractice;
			};
			name = Debug;
		};
		CCBFA31B2AA77F4A000E70BB /* Release */ = {
			isa = XCBuildConfiguration;
			baseConfigurationReference = 094155872C7061109F7EE9E5 /* Pods-UIKitPractice-UIKitPracticeUITests.release.xcconfig */;
			buildSettings = {
				ALWAYS_EMBED_SWIFT_STANDARD_LIBRARIES = YES;
				CODE_SIGN_STYLE = Automatic;
				CURRENT_PROJECT_VERSION = 1;
				DEVELOPMENT_TEAM = H2724L9BS5;
				GENERATE_INFOPLIST_FILE = YES;
				MARKETING_VERSION = 1.0;
				PRODUCT_BUNDLE_IDENTIFIER = com.yomiamy.UIKitPracticeUITests;
				PRODUCT_NAME = "$(TARGET_NAME)";
				SWIFT_EMIT_LOC_STRINGS = NO;
				SWIFT_VERSION = 5.0;
				TARGETED_DEVICE_FAMILY = "1,2";
				TEST_TARGET_NAME = UIKitPractice;
			};
			name = Release;
		};
/* End XCBuildConfiguration section */

/* Begin XCConfigurationList section */
		CCBFA2E42AA77F49000E70BB /* Build configuration list for PBXProject "UIKitPractice" */ = {
			isa = XCConfigurationList;
			buildConfigurations = (
				CCBFA3112AA77F4A000E70BB /* Debug */,
				CCBFA3122AA77F4A000E70BB /* Release */,
			);
			defaultConfigurationIsVisible = 0;
			defaultConfigurationName = Release;
		};
		CCBFA3132AA77F4A000E70BB /* Build configuration list for PBXNativeTarget "UIKitPractice" */ = {
			isa = XCConfigurationList;
			buildConfigurations = (
				CCBFA3142AA77F4A000E70BB /* Debug */,
				CCBFA3152AA77F4A000E70BB /* Release */,
			);
			defaultConfigurationIsVisible = 0;
			defaultConfigurationName = Release;
		};
		CCBFA3162AA77F4A000E70BB /* Build configuration list for PBXNativeTarget "UIKitPracticeTests" */ = {
			isa = XCConfigurationList;
			buildConfigurations = (
				CCBFA3172AA77F4A000E70BB /* Debug */,
				CCBFA3182AA77F4A000E70BB /* Release */,
			);
			defaultConfigurationIsVisible = 0;
			defaultConfigurationName = Release;
		};
		CCBFA3192AA77F4A000E70BB /* Build configuration list for PBXNativeTarget "UIKitPracticeUITests" */ = {
			isa = XCConfigurationList;
			buildConfigurations = (
				CCBFA31A2AA77F4A000E70BB /* Debug */,
				CCBFA31B2AA77F4A000E70BB /* Release */,
			);
			defaultConfigurationIsVisible = 0;
			defaultConfigurationName = Release;
		};
/* End XCConfigurationList section */

/* Begin XCRemoteSwiftPackageReference section */
		CC2B2F532AFB51D400A6D38B /* XCRemoteSwiftPackageReference "Alamofire.git" */ = {
			isa = XCRemoteSwiftPackageReference;
			repositoryURL = "https://github.com/Alamofire/Alamofire.git";
			requirement = {
				kind = upToNextMajorVersion;
				minimumVersion = 5.8.1;
			};
		};
		CC96193F2ACF11F300E37DD7 /* XCRemoteSwiftPackageReference "Kingfisher" */ = {
			isa = XCRemoteSwiftPackageReference;
			repositoryURL = "https://github.com/onevcat/Kingfisher";
			requirement = {
				kind = upToNextMajorVersion;
				minimumVersion = 7.0.0;
			};
		};
		CCBD835A2AC5FC3A009C63B8 /* XCRemoteSwiftPackageReference "IOSSecuritySuite.git" */ = {
			isa = XCRemoteSwiftPackageReference;
			repositoryURL = "https://github.com/securing/IOSSecuritySuite.git";
			requirement = {
				kind = upToNextMajorVersion;
				minimumVersion = 1.0.0;
			};
		};
/* End XCRemoteSwiftPackageReference section */

/* Begin XCSwiftPackageProductDependency section */
		CC2B2F542AFB51D400A6D38B /* Alamofire */ = {
			isa = XCSwiftPackageProductDependency;
			package = CC2B2F532AFB51D400A6D38B /* XCRemoteSwiftPackageReference "Alamofire.git" */;
			productName = Alamofire;
		};
		CC9619402ACF11F300E37DD7 /* Kingfisher */ = {
			isa = XCSwiftPackageProductDependency;
			package = CC96193F2ACF11F300E37DD7 /* XCRemoteSwiftPackageReference "Kingfisher" */;
			productName = Kingfisher;
		};
		CCBD835B2AC5FC3A009C63B8 /* IOSSecuritySuite */ = {
			isa = XCSwiftPackageProductDependency;
			package = CCBD835A2AC5FC3A009C63B8 /* XCRemoteSwiftPackageReference "IOSSecuritySuite.git" */;
			productName = IOSSecuritySuite;
		};
/* End XCSwiftPackageProductDependency section */
	};
	rootObject = CCBFA2E12AA77F49000E70BB /* Project object */;
}
